
Microsoft Visual Studio Solution File, Format Version 12.00
# Visual Studio Version 16
VisualStudioVersion = 16.0.31129.286
MinimumVisualStudioVersion = 10.0.40219.1
Project("{FAE04EC0-301F-11D3-BF4B-00C04F79EFBC}") = "Task_1", "Task_1\Task_1.csproj", "{F1CA2F8D-0012-4595-9224-AC5266463D1F}"
EndProject
Project("{FAE04EC0-301F-11D3-BF4B-00C04F79EFBC}") = "Task_2", "Task_2\Task_2.csproj", "{118EBE77-230B-4E9F-B038-09F35E635230}"
EndProject
Project("{FAE04EC0-301F-11D3-BF4B-00C04F79EFBC}") = "Task_3", "Task_3\Task_3.csproj", "{0A2EC920-5625-4B15-A15D-ABF47FC884F8}"
EndProject
Global
	GlobalSection(SolutionConfigurationPlatforms) = preSolution
		Debug|Any CPU = Debug|Any CPU
		Release|Any CPU = Release|Any CPU
	EndGlobalSection
	GlobalSection(ProjectConfigurationPlatforms) = postSolution
		{F1CA2F8D-0012-4595-9224-AC5266463D1F}.Debug|Any CPU.ActiveCfg = Debug|Any CPU
		{F1CA2F8D-0012-4595-9224-AC5266463D1F}.Debug|Any CPU.Build.0 = Debug|Any CPU
		{F1CA2F8D-0012-4595-9224-AC5266463D1F}.Release|Any CPU.ActiveCfg = Release|Any CPU
		{F1CA2F8D-0012-4595-9224-AC5266463D1F}.Release|Any CPU.Build.0 = Release|Any CPU
		{118EBE77-230B-4E9F-B038-09F35E635230}.Debug|Any CPU.ActiveCfg = Debug|Any CPU
		{118EBE77-230B-4E9F-B038-09F35E635230}.Debug|Any CPU.Build.0 = Debug|Any CPU
		{118EBE77-230B-4E9F-B038-09F35E635230}.Release|Any CPU.ActiveCfg = Release|Any CPU
		{118EBE77-230B-4E9F-B038-09F35E635230}.Release|Any CPU.Build.0 = Release|Any CPU
		{0A2EC920-5625-4B15-A15D-ABF47FC884F8}.Debug|Any CPU.ActiveCfg = Debug|Any CPU
		{0A2EC920-5625-4B15-A15D-ABF47FC884F8}.Debug|Any CPU.Build.0 = Debug|Any CPU
		{0A2EC920-5625-4B15-A15D-ABF47FC884F8}.Release|Any CPU.ActiveCfg = Release|Any CPU
		{0A2EC920-5625-4B15-A15D-ABF47FC884F8}.Release|Any CPU.Build.0 = Release|Any CPU
	EndGlobalSection
	GlobalSection(SolutionProperties) = preSolution
		HideSolutionNode = FALSE
	EndGlobalSection
	GlobalSection(ExtensibilityGlobals) = postSolution
		SolutionGuid = {BA13007B-43C4-419C-8612-FB25D1330DFA}
	EndGlobalSection
EndGlobal
